
Microsoft Visual Studio Solution File, Format Version 12.00
# Visual Studio Version 16
VisualStudioVersion = 16.0.30114.105
MinimumVisualStudioVersion = 10.0.40219.1
Project("{9A19103F-16F7-4668-BE54-9A1E7A4F7556}") = "SixDesignPrinciple", "SixDesignPrinciple.csproj", "{BA21D233-2DCF-4BFF-BE43-E0B8B1785369}"
EndProject
Project("{9A19103F-16F7-4668-BE54-9A1E7A4F7556}") = "ADuck", "..\ADuck\ADuck.csproj", "{C7C0CB8D-90BC-48C4-AD58-4F8F58F04C5A}"
EndProject
Project("{9A19103F-16F7-4668-BE54-9A1E7A4F7556}") = "WeatherData", "..\WeatherData\WeatherData.csproj", "{B2633836-D24A-4619-99DD-305117D8A3D0}"
EndProject
Project("{9A19103F-16F7-4668-BE54-9A1E7A4F7556}") = "Polymorphic", "..\Polymorphic\Polymorphic.csproj", "{AFD8CD10-19EE-4DA7-8C8A-2BC607B32539}"
EndProject
Project("{9A19103F-16F7-4668-BE54-9A1E7A4F7556}") = "Common", "..\Common\Common.csproj", "{21BFBC24-8F82-4152-BE70-84354435E509}"
EndProject
Project("{9A19103F-16F7-4668-BE54-9A1E7A4F7556}") = "Inherit", "..\Inherit\Inherit.csproj", "{50122C8D-1134-496E-943E-EA5A87C64DB5}"
EndProject
Project("{9A19103F-16F7-4668-BE54-9A1E7A4F7556}") = "TestInheritance", "..\TestInheritance\TestInheritance.csproj", "{436B0D9A-64FF-438F-A7D0-26DBE503E9DD}"
EndProject
Project("{FAE04EC0-301F-11D3-BF4B-00C04F79EFBC}") = "SealLib", "..\SealLib\SealLib.csproj", "{AE432421-39B5-4457-8D6D-9402EE55F162}"
EndProject
Project("{FAE04EC0-301F-11D3-BF4B-00C04F79EFBC}") = "SRP", "..\SRP\SRP.csproj", "{89FCD375-2807-4376-AC81-222E66D91C55}"
EndProject
Global
	GlobalSection(SolutionConfigurationPlatforms) = preSolution
		Debug|Any CPU = Debug|Any CPU
		Release|Any CPU = Release|Any CPU
	EndGlobalSection
	GlobalSection(ProjectConfigurationPlatforms) = postSolution
		{BA21D233-2DCF-4BFF-BE43-E0B8B1785369}.Debug|Any CPU.ActiveCfg = Debug|Any CPU
		{BA21D233-2DCF-4BFF-BE43-E0B8B1785369}.Debug|Any CPU.Build.0 = Debug|Any CPU
		{BA21D233-2DCF-4BFF-BE43-E0B8B1785369}.Release|Any CPU.ActiveCfg = Release|Any CPU
		{BA21D233-2DCF-4BFF-BE43-E0B8B1785369}.Release|Any CPU.Build.0 = Release|Any CPU
		{C7C0CB8D-90BC-48C4-AD58-4F8F58F04C5A}.Debug|Any CPU.ActiveCfg = Debug|Any CPU
		{C7C0CB8D-90BC-48C4-AD58-4F8F58F04C5A}.Debug|Any CPU.Build.0 = Debug|Any CPU
		{C7C0CB8D-90BC-48C4-AD58-4F8F58F04C5A}.Release|Any CPU.ActiveCfg = Release|Any CPU
		{C7C0CB8D-90BC-48C4-AD58-4F8F58F04C5A}.Release|Any CPU.Build.0 = Release|Any CPU
		{B2633836-D24A-4619-99DD-305117D8A3D0}.Debug|Any CPU.ActiveCfg = Debug|Any CPU
		{B2633836-D24A-4619-99DD-305117D8A3D0}.Debug|Any CPU.Build.0 = Debug|Any CPU
		{B2633836-D24A-4619-99DD-305117D8A3D0}.Release|Any CPU.ActiveCfg = Release|Any CPU
		{B2633836-D24A-4619-99DD-305117D8A3D0}.Release|Any CPU.Build.0 = Release|Any CPU
		{AFD8CD10-19EE-4DA7-8C8A-2BC607B32539}.Debug|Any CPU.ActiveCfg = Debug|Any CPU
		{AFD8CD10-19EE-4DA7-8C8A-2BC607B32539}.Debug|Any CPU.Build.0 = Debug|Any CPU
		{AFD8CD10-19EE-4DA7-8C8A-2BC607B32539}.Release|Any CPU.ActiveCfg = Release|Any CPU
		{AFD8CD10-19EE-4DA7-8C8A-2BC607B32539}.Release|Any CPU.Build.0 = Release|Any CPU
		{21BFBC24-8F82-4152-BE70-84354435E509}.Debug|Any CPU.ActiveCfg = Debug|Any CPU
		{21BFBC24-8F82-4152-BE70-84354435E509}.Debug|Any CPU.Build.0 = Debug|Any CPU
		{21BFBC24-8F82-4152-BE70-84354435E509}.Release|Any CPU.ActiveCfg = Release|Any CPU
		{21BFBC24-8F82-4152-BE70-84354435E509}.Release|Any CPU.Build.0 = Release|Any CPU
		{50122C8D-1134-496E-943E-EA5A87C64DB5}.Debug|Any CPU.ActiveCfg = Debug|Any CPU
		{50122C8D-1134-496E-943E-EA5A87C64DB5}.Debug|Any CPU.Build.0 = Debug|Any CPU
		{50122C8D-1134-496E-943E-EA5A87C64DB5}.Release|Any CPU.ActiveCfg = Release|Any CPU
		{50122C8D-1134-496E-943E-EA5A87C64DB5}.Release|Any CPU.Build.0 = Release|Any CPU
		{436B0D9A-64FF-438F-A7D0-26DBE503E9DD}.Debug|Any CPU.ActiveCfg = Debug|Any CPU
		{436B0D9A-64FF-438F-A7D0-26DBE503E9DD}.Debug|Any CPU.Build.0 = Debug|Any CPU
		{436B0D9A-64FF-438F-A7D0-26DBE503E9DD}.Release|Any CPU.ActiveCfg = Release|Any CPU
		{436B0D9A-64FF-438F-A7D0-26DBE503E9DD}.Release|Any CPU.Build.0 = Release|Any CPU
		{AE432421-39B5-4457-8D6D-9402EE55F162}.Debug|Any CPU.ActiveCfg = Debug|Any CPU
		{AE432421-39B5-4457-8D6D-9402EE55F162}.Debug|Any CPU.Build.0 = Debug|Any CPU
		{AE432421-39B5-4457-8D6D-9402EE55F162}.Release|Any CPU.ActiveCfg = Release|Any CPU
		{AE432421-39B5-4457-8D6D-9402EE55F162}.Release|Any CPU.Build.0 = Release|Any CPU
		{89FCD375-2807-4376-AC81-222E66D91C55}.Debug|Any CPU.ActiveCfg = Debug|Any CPU
		{89FCD375-2807-4376-AC81-222E66D91C55}.Debug|Any CPU.Build.0 = Debug|Any CPU
		{89FCD375-2807-4376-AC81-222E66D91C55}.Release|Any CPU.ActiveCfg = Release|Any CPU
		{89FCD375-2807-4376-AC81-222E66D91C55}.Release|Any CPU.Build.0 = Release|Any CPU
	EndGlobalSection
	GlobalSection(SolutionProperties) = preSolution
		HideSolutionNode = FALSE
	EndGlobalSection
	GlobalSection(ExtensibilityGlobals) = postSolution
		SolutionGuid = {7D53865A-8217-4BD4-A2A3-2873B3712021}
	EndGlobalSection
EndGlobal
